{
  "version": 4,
  "terraform_version": "1.0.4",
  "serial": 6,
  "lineage": "c3c90e43-73f0-a03c-0436-0b1c73ce42f8",
  "outputs": {
    "generated_user_password": {
      "value": "92f954da8389bbbc",
      "type": "string",
      "sensitive": true
    },
    "instance_address": {
      "value": "34.135.91.184",
      "type": "string"
    },
    "instance_address_time_to_retire": {
      "value": "",
      "type": "string"
    },
    "instance_name": {
      "value": "example-mysql-569b",
      "type": "string"
    },
    "self_link": {
      "value": "https://www.googleapis.com/sql/v1beta4/projects/clean-circle-322216/instances/example-mysql-569b",
      "type": "string"
    }
  },
  "resources": [
    {
      "mode": "managed",
      "type": "google_sql_database",
      "name": "default",
      "provider": "provider[\"registry.terraform.io/hashicorp/google\"]",
      "instances": [
        {
          "index_key": 0,
          "schema_version": 0,
          "attributes": {
            "charset": "utf8",
            "collation": "utf8_general_ci",
            "id": "example-mysql-569b:default",
            "instance": "example-mysql-569b",
            "name": "default",
            "project": "clean-circle-322216",
            "self_link": "https://www.googleapis.com/sql/v1beta4/projects/clean-circle-322216/instances/example-mysql-569b/databases/default",
            "timeouts": null
          },
          "sensitive_attributes": [],
          "private": "eyJlMmJmYjczMC1lY2FhLTExZTYtOGY4OC0zNDM2M2JjN2M0YzAiOnsiY3JlYXRlIjo5MDAwMDAwMDAwMDAsImRlbGV0ZSI6NjAwMDAwMDAwMDAwLCJ1cGRhdGUiOjYwMDAwMDAwMDAwMH19",
          "dependencies": [
            "google_sql_database_instance.master",
            "random_id.name"
          ]
        }
      ]
    },
    {
      "mode": "managed",
      "type": "google_sql_database_instance",
      "name": "master",
      "provider": "provider[\"registry.terraform.io/hashicorp/google\"]",
      "instances": [
        {
          "schema_version": 0,
          "attributes": {
            "connection_name": "clean-circle-322216:us-central1:example-mysql-569b",
            "database_version": "MYSQL_5_6",
            "first_ip_address": "34.135.91.184",
            "id": "example-mysql-569b",
            "ip_address": [
              {
                "ip_address": "34.135.91.184",
                "time_to_retire": "",
                "type": "PRIMARY"
              }
            ],
            "master_instance_name": "",
            "name": "example-mysql-569b",
            "private_ip_address": "",
            "project": "clean-circle-322216",
            "public_ip_address": "34.135.91.184",
            "region": "us-central1",
            "replica_configuration": [],
            "self_link": "https://www.googleapis.com/sql/v1beta4/projects/clean-circle-322216/instances/example-mysql-569b",
            "server_ca_cert": [
              {
                "cert": "-----BEGIN CERTIFICATE-----\nMIIDfzCCAmegAwIBAgIBADANBgkqhkiG9w0BAQsFADB3MS0wKwYDVQQuEyRjMTM3\nMWJhOS03ZmNjLTRlMTEtYmNkZi0yMDUwMGYyZmVkYmMxIzAhBgNVBAMTGkdvb2ds\nZSBDbG91ZCBTUUwgU2VydmVyIENBMRQwEgYDVQQKEwtHb29nbGUsIEluYzELMAkG\nA1UEBhMCVVMwHhcNMjEwODA5MDM1MzEwWhcNMzEwODA3MDM1NDEwWjB3MS0wKwYD\nVQQuEyRjMTM3MWJhOS03ZmNjLTRlMTEtYmNkZi0yMDUwMGYyZmVkYmMxIzAhBgNV\nBAMTGkdvb2dsZSBDbG91ZCBTUUwgU2VydmVyIENBMRQwEgYDVQQKEwtHb29nbGUs\nIEluYzELMAkGA1UEBhMCVVMwggEiMA0GCSqGSIb3DQEBAQUAA4IBDwAwggEKAoIB\nAQCD+yCmFh9cIpDFD1BKIzE3nEwf4UhxIPIL9SEomIxeHSnJWVRb4sNuRinpZyeg\n3foo5AH4lZrDo3kex9q4w3h8CcDgdDcuDHrIIt+1pspPmm6aIj4G5ZCveD5Jtz22\n3PGVAjXGbrZnNFOu7Xtq8EvaHPfAVSHNiDbMaSLAaR4BthqP5AD6XL5H6blYGREQ\nVNGin8Rm30At4DI34CkXj+676AQ4ML9x9dh68XvPIEwykBV6Sty5oMMzooYsJVdo\nskoFkoT0aBULj1LuMZ88m0jd1cPVM/CxQHswZVUExr6OUiftVfSOwSMds97VXmKg\nzE8VOhf2AeCoWPTutw+DrgzjAgMBAAGjFjAUMBIGA1UdEwEB/wQIMAYBAf8CAQAw\nDQYJKoZIhvcNAQELBQADggEBAGWRq5tXqNG3KK0IbOkxmxjUpI3j6JbqmJH5fbpo\n34Hi6GnNnEOLrjGiicKQ8vZDeJep4W/8cBqWwzx02dyQeE8zkCK8YLfMRsXx1u+d\nD5Q5AbYCYjIsfFVy908h7VCwZrhEbttrNJqzEDi8TsumAA8yYjZySzX5Kg+W0Chl\nIvi1vBwuFhQvsZU22K8BHHqOegn9BElMu18yMhuL2kZTV4tTGTYdElzYwk0F4veb\nAbziiG3ytsXu4HM03OMRRFByVtPFc84BRqXUUBDklj57s68Tx/kb0B3N1/hRmUbs\na4PZxaSu3KldilTch2KxRJw9G7rVE9KEWWIXA+uYR4wjjBs=\n-----END CERTIFICATE-----",
                "common_name": "C=US,O=Google\\, Inc,CN=Google Cloud SQL Server CA,dnQualifier=c1371ba9-7fcc-4e11-bcdf-20500f2fedbc",
                "create_time": "2021-08-09T03:53:10.660Z",
                "expiration_time": "2031-08-07T03:54:10.660Z",
                "sha1_fingerprint": "24ef1e2017d46235ab58f5c7467ac7d3f10fb8cc"
              }
            ],
            "service_account_email_address": "p255557240013-n3bja5@gcp-sa-cloud-sql.iam.gserviceaccount.com",
            "settings": [
              {
                "activation_policy": "ALWAYS",
                "authorized_gae_applications": [],
                "availability_type": "ZONAL",
                "backup_configuration": [
                  {
                    "binary_log_enabled": false,
                    "enabled": false,
                    "location": "",
                    "start_time": "04:00"
                  }
                ],
                "crash_safe_replication": false,
                "database_flags": [],
                "disk_autoresize": true,
                "disk_size": 10,
                "disk_type": "PD_SSD",
                "ip_configuration": [
                  {
                    "authorized_networks": [],
                    "ipv4_enabled": true,
                    "private_network": "",
                    "require_ssl": false
                  }
                ],
                "location_preference": [
                  {
                    "follow_gae_application": "",
                    "zone": "us-central1-f"
                  }
                ],
                "maintenance_window": [],
                "pricing_plan": "PER_USE",
                "replication_type": "SYNCHRONOUS",
                "tier": "db-f1-micro",
                "user_labels": null,
                "version": 1
              }
            ],
            "timeouts": {
              "create": "60m",
              "delete": "2h",
              "update": null
            }
          },
          "sensitive_attributes": [],
          "private": "eyJlMmJmYjczMC1lY2FhLTExZTYtOGY4OC0zNDM2M2JjN2M0YzAiOnsiY3JlYXRlIjozNjAwMDAwMDAwMDAwLCJkZWxldGUiOjcyMDAwMDAwMDAwMDAsInVwZGF0ZSI6MTIwMDAwMDAwMDAwMH19",
          "dependencies": [
            "random_id.name"
          ]
        }
      ]
    },
    {
      "mode": "managed",
      "type": "google_sql_user",
      "name": "default",
      "provider": "provider[\"registry.terraform.io/hashicorp/google\"]",
      "instances": [
        {
          "index_key": 0,
          "schema_version": 1,
          "attributes": {
            "host": "%",
            "id": "default/%/example-mysql-569b",
            "instance": "example-mysql-569b",
            "name": "default",
            "password": "92f954da8389bbbc",
            "project": "clean-circle-322216"
          },
          "sensitive_attributes": [],
          "private": "eyJzY2hlbWFfdmVyc2lvbiI6IjEifQ==",
          "dependencies": [
            "google_sql_database_instance.master",
            "random_id.name",
            "random_id.user-password"
          ]
        }
      ]
    },
    {
      "mode": "managed",
      "type": "random_id",
      "name": "name",
      "provider": "provider[\"registry.terraform.io/hashicorp/random\"]",
      "instances": [
        {
          "schema_version": 0,
          "attributes": {
            "b64": "Vps",
            "b64_std": "Vps=",
            "b64_url": "Vps",
            "byte_length": 2,
            "dec": "22171",
            "hex": "569b",
            "id": "Vps",
            "keepers": null,
            "prefix": null
          },
          "sensitive_attributes": [],
          "private": "bnVsbA=="
        }
      ]
    },
    {
      "mode": "managed",
      "type": "random_id",
      "name": "user-password",
      "provider": "provider[\"registry.terraform.io/hashicorp/random\"]",
      "instances": [
        {
          "schema_version": 0,
          "attributes": {
            "b64": "kvlU2oOJu7w",
            "b64_std": "kvlU2oOJu7w=",
            "b64_url": "kvlU2oOJu7w",
            "byte_length": 8,
            "dec": "10590589296224877500",
            "hex": "92f954da8389bbbc",
            "id": "kvlU2oOJu7w",
            "keepers": null,
            "prefix": null
          },
          "sensitive_attributes": [],
          "private": "bnVsbA=="
        }
      ]
    }
  ]
}
