{
  "version": 4,
  "terraform_version": "1.0.4",
  "serial": 90,
  "lineage": "8e5bbf1f-0487-b90f-eb19-ca3788eb0378",
  "outputs": {
    "ip": {
      "value": "{google_compute_instance_from_machine_image.default.network_interface.0.access_config.0.nat_id}",
      "type": "string"
    }
  },
  "resources": [
    {
      "mode": "managed",
      "type": "google_compute_firewall",
      "name": "http-server",
      "provider": "provider[\"registry.terraform.io/hashicorp/google\"]",
      "instances": [
        {
          "schema_version": 1,
          "attributes": {
            "allow": [
              {
                "ports": [
                  "80",
                  "3000"
                ],
                "protocol": "tcp"
              }
            ],
            "creation_timestamp": "2021-08-10T02:33:52.708-07:00",
            "deny": [],
            "description": "",
            "destination_ranges": [],
            "direction": "INGRESS",
            "disabled": false,
            "enable_logging": null,
            "id": "projects/clean-circle-322216/global/firewalls/default-allow-http-react-terraform",
            "log_config": [],
            "name": "default-allow-http-react-terraform",
            "network": "https://www.googleapis.com/compute/v1/projects/clean-circle-322216/global/networks/default",
            "priority": 1000,
            "project": "clean-circle-322216",
            "self_link": "https://www.googleapis.com/compute/v1/projects/clean-circle-322216/global/firewalls/default-allow-http-react-terraform",
            "source_ranges": [
              "0.0.0.0/0"
            ],
            "source_service_accounts": [],
            "source_tags": [],
            "target_service_accounts": [],
            "target_tags": [
              "http-server"
            ],
            "timeouts": null
          },
          "sensitive_attributes": [],
          "private": "eyJlMmJmYjczMC1lY2FhLTExZTYtOGY4OC0zNDM2M2JjN2M0YzAiOnsiY3JlYXRlIjoyNDAwMDAwMDAwMDAsImRlbGV0ZSI6MjQwMDAwMDAwMDAwLCJ1cGRhdGUiOjI0MDAwMDAwMDAwMH0sInNjaGVtYV92ZXJzaW9uIjoiMSJ9"
        }
      ]
    },
    {
      "mode": "managed",
      "type": "google_compute_instance_from_machine_image",
      "name": "tpl",
      "provider": "provider[\"registry.terraform.io/hashicorp/google-beta\"]",
      "instances": [
        {
          "schema_version": 0,
          "attributes": {
            "advanced_machine_features": [],
            "allow_stopping_for_update": null,
            "attached_disk": [],
            "boot_disk": [
              {
                "auto_delete": true,
                "device_name": "instance-3",
                "disk_encryption_key_raw": "",
                "disk_encryption_key_sha256": "",
                "initialize_params": [
                  {
                    "image": "",
                    "labels": {},
                    "size": 10,
                    "type": "pd-balanced"
                  }
                ],
                "kms_key_self_link": "",
                "mode": "READ_WRITE",
                "source": "https://www.googleapis.com/compute/v1/projects/clean-circle-322216/zones/us-central1-a/disks/reactvm"
              }
            ],
            "can_ip_forward": false,
            "confidential_instance_config": [
              {
                "enable_confidential_compute": false
              }
            ],
            "cpu_platform": "Intel Haswell",
            "current_status": "RUNNING",
            "deletion_protection": false,
            "description": "",
            "desired_status": null,
            "enable_display": false,
            "guest_accelerator": [],
            "hostname": "",
            "id": "projects/clean-circle-322216/zones/us-central1-a/instances/reactvm",
            "instance_id": "7082568535095896967",
            "label_fingerprint": "8t1TO-LdL-k=",
            "labels": {
              "app": "react"
            },
            "machine_type": "e2-medium",
            "metadata": {},
            "metadata_fingerprint": "ON9tPj6JBFc=",
            "metadata_startup_script": "",
            "min_cpu_platform": "",
            "name": "reactvm",
            "network_interface": [
              {
                "access_config": [
                  {
                    "nat_ip": "34.132.67.35",
                    "network_tier": "PREMIUM",
                    "public_ptr_domain_name": ""
                  }
                ],
                "alias_ip_range": [],
                "name": "nic0",
                "network": "https://www.googleapis.com/compute/v1/projects/clean-circle-322216/global/networks/default",
                "network_ip": "10.128.0.51",
                "nic_type": "",
                "subnetwork": "https://www.googleapis.com/compute/v1/projects/clean-circle-322216/regions/us-central1/subnetworks/default",
                "subnetwork_project": "clean-circle-322216"
              }
            ],
            "network_performance_config": [],
            "project": "clean-circle-322216",
            "reservation_affinity": [
              {
                "specific_reservation": [],
                "type": "ANY_RESERVATION"
              }
            ],
            "resource_policies": [],
            "scheduling": [
              {
                "automatic_restart": true,
                "min_node_cpus": 0,
                "node_affinities": [],
                "on_host_maintenance": "MIGRATE",
                "preemptible": false
              }
            ],
            "scratch_disk": [],
            "self_link": "https://www.googleapis.com/compute/v1/projects/clean-circle-322216/zones/us-central1-a/instances/reactvm",
            "service_account": [
              {
                "email": "255557240013-compute@developer.gserviceaccount.com",
                "scopes": [
                  "https://www.googleapis.com/auth/devstorage.read_only",
                  "https://www.googleapis.com/auth/logging.write",
                  "https://www.googleapis.com/auth/monitoring.write",
                  "https://www.googleapis.com/auth/service.management.readonly",
                  "https://www.googleapis.com/auth/servicecontrol",
                  "https://www.googleapis.com/auth/trace.append"
                ]
              }
            ],
            "shielded_instance_config": [
              {
                "enable_integrity_monitoring": true,
                "enable_secure_boot": false,
                "enable_vtpm": true
              }
            ],
            "source_machine_image": "projects/clean-circle-322216/global/machineImages/reactjs",
            "tags": [
              "http-server",
              "https-server"
            ],
            "tags_fingerprint": "6smc4R4d39I=",
            "timeouts": null,
            "zone": "us-central1-a"
          },
          "sensitive_attributes": [],
          "private": "eyJlMmJmYjczMC1lY2FhLTExZTYtOGY4OC0zNDM2M2JjN2M0YzAiOnsiY3JlYXRlIjoxMjAwMDAwMDAwMDAwLCJkZWxldGUiOjEyMDAwMDAwMDAwMDAsInVwZGF0ZSI6MTIwMDAwMDAwMDAwMH19"
        }
      ]
    }
  ]
}
